
Microsoft Visual Studio Solution File, Format Version 12.00
# Visual Studio 2013
VisualStudioVersion = 12.0.21005.1
MinimumVisualStudioVersion = 10.0.40219.1
Project("{FAE04EC0-301F-11D3-BF4B-00C04F79EFBC}") = "Resume", "Resume\Resume.csproj", "{20CB4E31-C5A5-48CC-B5D6-B3D9B7CD0B19}"
EndProject
Project("{FAE04EC0-301F-11D3-BF4B-00C04F79EFBC}") = "Resume.Tests", "Resume.Tests\Resume.Tests.csproj", "{EA21F62E-2DD9-4495-B0E5-A0E21D490F76}"
EndProject
Project("{2150E333-8FDC-42A3-9474-1A3956D46DE8}") = "Assets", "Assets", "{C6862EA1-C204-42C1-AB4F-F2CB6600C007}"
	ProjectSection(SolutionItems) = preProject
		Assets\Theme.psd = Assets\Theme.psd
	EndProjectSection
EndProject
Global
	GlobalSection(SolutionConfigurationPlatforms) = preSolution
		Debug|Any CPU = Debug|Any CPU
		Release|Any CPU = Release|Any CPU
	EndGlobalSection
	GlobalSection(ProjectConfigurationPlatforms) = postSolution
		{20CB4E31-C5A5-48CC-B5D6-B3D9B7CD0B19}.Debug|Any CPU.ActiveCfg = Debug|Any CPU
		{20CB4E31-C5A5-48CC-B5D6-B3D9B7CD0B19}.Debug|Any CPU.Build.0 = Debug|Any CPU
		{20CB4E31-C5A5-48CC-B5D6-B3D9B7CD0B19}.Release|Any CPU.ActiveCfg = Release|Any CPU
		{20CB4E31-C5A5-48CC-B5D6-B3D9B7CD0B19}.Release|Any CPU.Build.0 = Release|Any CPU
		{EA21F62E-2DD9-4495-B0E5-A0E21D490F76}.Debug|Any CPU.ActiveCfg = Debug|Any CPU
		{EA21F62E-2DD9-4495-B0E5-A0E21D490F76}.Debug|Any CPU.Build.0 = Debug|Any CPU
		{EA21F62E-2DD9-4495-B0E5-A0E21D490F76}.Release|Any CPU.ActiveCfg = Release|Any CPU
		{EA21F62E-2DD9-4495-B0E5-A0E21D490F76}.Release|Any CPU.Build.0 = Release|Any CPU
	EndGlobalSection
	GlobalSection(SolutionProperties) = preSolution
		HideSolutionNode = FALSE
	EndGlobalSection
EndGlobal
